// !$*UTF8*$!
{
	archiveVersion = 1;
	classes = {
	};
	objectVersion = 46;
	objects = {

/* Begin PBXBuildFile section */
		652D7CFA1A8C6CD400BE1051 /* heart-white@2x.png in Resources */ = {isa = PBXBuildFile; fileRef = 652D7CF91A8C6CD400BE1051 /* heart-white@2x.png */; };
		659C84961A8C413F003355C5 /* main.m in Sources */ = {isa = PBXBuildFile; fileRef = 659C84951A8C413F003355C5 /* main.m */; };
		659C84991A8C413F003355C5 /* AppDelegate.m in Sources */ = {isa = PBXBuildFile; fileRef = 659C84981A8C413F003355C5 /* AppDelegate.m */; };
		659C849C1A8C413F003355C5 /* fmh.xcdatamodeld in Sources */ = {isa = PBXBuildFile; fileRef = 659C849A1A8C413F003355C5 /* fmh.xcdatamodeld */; };
		659C849F1A8C413F003355C5 /* ViewController.m in Sources */ = {isa = PBXBuildFile; fileRef = 659C849E1A8C413F003355C5 /* ViewController.m */; };
		659C84A21A8C413F003355C5 /* Main.storyboard in Resources */ = {isa = PBXBuildFile; fileRef = 659C84A01A8C413F003355C5 /* Main.storyboard */; };
		659C84A41A8C413F003355C5 /* Images.xcassets in Resources */ = {isa = PBXBuildFile; fileRef = 659C84A31A8C413F003355C5 /* Images.xcassets */; };
		659C84A71A8C413F003355C5 /* LaunchScreen.xib in Resources */ = {isa = PBXBuildFile; fileRef = 659C84A51A8C413F003355C5 /* LaunchScreen.xib */; };
		659C84B31A8C413F003355C5 /* fmhTests.m in Sources */ = {isa = PBXBuildFile; fileRef = 659C84B21A8C413F003355C5 /* fmhTests.m */; };
		659C84C21A8C4178003355C5 /* HeartRateMonitor.m in Sources */ = {isa = PBXBuildFile; fileRef = 659C84C01A8C4178003355C5 /* HeartRateMonitor.m */; };
		659C84C51A8C434D003355C5 /* DayLog.m in Sources */ = {isa = PBXBuildFile; fileRef = 659C84C41A8C434D003355C5 /* DayLog.m */; };
		659C85231A8C4CA0003355C5 /* mio-8.model in Resources */ = {isa = PBXBuildFile; fileRef = 659C85021A8C4CA0003355C5 /* mio-8.model */; };
		65A5C9F31AA7C8AD00F3169C /* LaunchScreen.png in Resources */ = {isa = PBXBuildFile; fileRef = 65A5C9F21AA7C8AD00F3169C /* LaunchScreen.png */; };
		65A98A171AAC9873003212A0 /* env.txt in Resources */ = {isa = PBXBuildFile; fileRef = 65A98A161AAC9873003212A0 /* env.txt */; };
/* End PBXBuildFile section */

/* Begin PBXContainerItemProxy section */
		659C84AD1A8C413F003355C5 /* PBXContainerItemProxy */ = {
			isa = PBXContainerItemProxy;
			containerPortal = 659C84881A8C413F003355C5 /* Project object */;
			proxyType = 1;
			remoteGlobalIDString = 659C848F1A8C413F003355C5;
			remoteInfo = fmh;
		};
/* End PBXContainerItemProxy section */

/* Begin PBXFileReference section */
		652D7CF91A8C6CD400BE1051 /* heart-white@2x.png */ = {isa = PBXFileReference; lastKnownFileType = image.png; name = "heart-white@2x.png"; path = "Images/UI/heart-white@2x.png"; sourceTree = "<group>"; };
		659C84901A8C413F003355C5 /* fmh.app */ = {isa = PBXFileReference; explicitFileType = wrapper.application; includeInIndex = 0; path = fmh.app; sourceTree = BUILT_PRODUCTS_DIR; };
		659C84941A8C413F003355C5 /* Info.plist */ = {isa = PBXFileReference; lastKnownFileType = text.plist.xml; path = Info.plist; sourceTree = "<group>"; };
		659C84951A8C413F003355C5 /* main.m */ = {isa = PBXFileReference; lastKnownFileType = sourcecode.c.objc; path = main.m; sourceTree = "<group>"; };
		659C84971A8C413F003355C5 /* AppDelegate.h */ = {isa = PBXFileReference; lastKnownFileType = sourcecode.c.h; path = AppDelegate.h; sourceTree = "<group>"; };
		659C84981A8C413F003355C5 /* AppDelegate.m */ = {isa = PBXFileReference; lastKnownFileType = sourcecode.c.objc; path = AppDelegate.m; sourceTree = "<group>"; };
		659C849B1A8C413F003355C5 /* fmh.xcdatamodel */ = {isa = PBXFileReference; lastKnownFileType = wrapper.xcdatamodel; path = fmh.xcdatamodel; sourceTree = "<group>"; };
		659C849D1A8C413F003355C5 /* ViewController.h */ = {isa = PBXFileReference; lastKnownFileType = sourcecode.c.h; path = ViewController.h; sourceTree = "<group>"; };
		659C849E1A8C413F003355C5 /* ViewController.m */ = {isa = PBXFileReference; lastKnownFileType = sourcecode.c.objc; path = ViewController.m; sourceTree = "<group>"; };
		659C84A11A8C413F003355C5 /* Base */ = {isa = PBXFileReference; lastKnownFileType = file.storyboard; name = Base; path = Base.lproj/Main.storyboard; sourceTree = "<group>"; };
		659C84A31A8C413F003355C5 /* Images.xcassets */ = {isa = PBXFileReference; lastKnownFileType = folder.assetcatalog; path = Images.xcassets; sourceTree = "<group>"; };
		659C84A61A8C413F003355C5 /* Base */ = {isa = PBXFileReference; lastKnownFileType = file.xib; name = Base; path = Base.lproj/LaunchScreen.xib; sourceTree = "<group>"; };
		659C84AC1A8C413F003355C5 /* fmhTests.xctest */ = {isa = PBXFileReference; explicitFileType = wrapper.cfbundle; includeInIndex = 0; path = fmhTests.xctest; sourceTree = BUILT_PRODUCTS_DIR; };
		659C84B11A8C413F003355C5 /* Info.plist */ = {isa = PBXFileReference; lastKnownFileType = text.plist.xml; path = Info.plist; sourceTree = "<group>"; };
		659C84B21A8C413F003355C5 /* fmhTests.m */ = {isa = PBXFileReference; lastKnownFileType = sourcecode.c.objc; path = fmhTests.m; sourceTree = "<group>"; };
		659C84BF1A8C4178003355C5 /* HeartRateMonitor.h */ = {isa = PBXFileReference; fileEncoding = 4; lastKnownFileType = sourcecode.c.h; path = HeartRateMonitor.h; sourceTree = "<group>"; };
		659C84C01A8C4178003355C5 /* HeartRateMonitor.m */ = {isa = PBXFileReference; fileEncoding = 4; lastKnownFileType = sourcecode.c.objc; path = HeartRateMonitor.m; sourceTree = "<group>"; };
		659C84C31A8C434D003355C5 /* DayLog.h */ = {isa = PBXFileReference; fileEncoding = 4; lastKnownFileType = sourcecode.c.h; path = DayLog.h; sourceTree = "<group>"; };
		659C84C41A8C434D003355C5 /* DayLog.m */ = {isa = PBXFileReference; fileEncoding = 4; lastKnownFileType = sourcecode.c.objc; path = DayLog.m; sourceTree = "<group>"; };
		659C85021A8C4CA0003355C5 /* mio-8.model */ = {isa = PBXFileReference; fileEncoding = 4; lastKnownFileType = text; path = "mio-8.model"; sourceTree = "<group>"; };
		65A5C9F21AA7C8AD00F3169C /* LaunchScreen.png */ = {isa = PBXFileReference; lastKnownFileType = image.png; name = LaunchScreen.png; path = ../../LaunchScreen.png; sourceTree = "<group>"; };
		65A98A161AAC9873003212A0 /* env.txt */ = {isa = PBXFileReference; fileEncoding = 4; lastKnownFileType = text; path = env.txt; sourceTree = "<group>"; };
/* End PBXFileReference section */

/* Begin PBXFrameworksBuildPhase section */
		659C848D1A8C413F003355C5 /* Frameworks */ = {
			isa = PBXFrameworksBuildPhase;
			buildActionMask = 2147483647;
			files = (
			);
			runOnlyForDeploymentPostprocessing = 0;
		};
		659C84A91A8C413F003355C5 /* Frameworks */ = {
			isa = PBXFrameworksBuildPhase;
			buildActionMask = 2147483647;
			files = (
			);
			runOnlyForDeploymentPostprocessing = 0;
		};
/* End PBXFrameworksBuildPhase section */

/* Begin PBXGroup section */
		659C84871A8C413F003355C5 = {
			isa = PBXGroup;
			children = (
				659C84921A8C413F003355C5 /* fmh */,
				659C84AF1A8C413F003355C5 /* fmhTests */,
				659C84911A8C413F003355C5 /* Products */,
			);
			sourceTree = "<group>";
		};
		659C84911A8C413F003355C5 /* Products */ = {
			isa = PBXGroup;
			children = (
				659C84901A8C413F003355C5 /* fmh.app */,
				659C84AC1A8C413F003355C5 /* fmhTests.xctest */,
			);
			name = Products;
			sourceTree = "<group>";
		};
		659C84921A8C413F003355C5 /* fmh */ = {
			isa = PBXGroup;
			children = (
				659C84DB1A8C4CA0003355C5 /* assets */,
				659C84C31A8C434D003355C5 /* DayLog.h */,
				659C84C41A8C434D003355C5 /* DayLog.m */,
				659C84BF1A8C4178003355C5 /* HeartRateMonitor.h */,
				659C84C01A8C4178003355C5 /* HeartRateMonitor.m */,
				659C84971A8C413F003355C5 /* AppDelegate.h */,
				659C84981A8C413F003355C5 /* AppDelegate.m */,
				659C849D1A8C413F003355C5 /* ViewController.h */,
				659C849E1A8C413F003355C5 /* ViewController.m */,
				659C84A01A8C413F003355C5 /* Main.storyboard */,
				659C84A31A8C413F003355C5 /* Images.xcassets */,
				659C84A51A8C413F003355C5 /* LaunchScreen.xib */,
				659C849A1A8C413F003355C5 /* fmh.xcdatamodeld */,
				659C84931A8C413F003355C5 /* Supporting Files */,
			);
			path = fmh;
			sourceTree = "<group>";
		};
		659C84931A8C413F003355C5 /* Supporting Files */ = {
			isa = PBXGroup;
			children = (
				659C84941A8C413F003355C5 /* Info.plist */,
				659C84951A8C413F003355C5 /* main.m */,
			);
			name = "Supporting Files";
			sourceTree = "<group>";
		};
		659C84AF1A8C413F003355C5 /* fmhTests */ = {
			isa = PBXGroup;
			children = (
				659C84B21A8C413F003355C5 /* fmhTests.m */,
				659C84B01A8C413F003355C5 /* Supporting Files */,
			);
			path = fmhTests;
			sourceTree = "<group>";
		};
		659C84B01A8C413F003355C5 /* Supporting Files */ = {
			isa = PBXGroup;
			children = (
				659C84B11A8C413F003355C5 /* Info.plist */,
			);
			name = "Supporting Files";
			sourceTree = "<group>";
		};
		659C84DB1A8C4CA0003355C5 /* assets */ = {
			isa = PBXGroup;
			children = (
				65A98A161AAC9873003212A0 /* env.txt */,
				65A5C9F21AA7C8AD00F3169C /* LaunchScreen.png */,
				652D7CF91A8C6CD400BE1051 /* heart-white@2x.png */,
				659C85021A8C4CA0003355C5 /* mio-8.model */,
			);
			path = assets;
			sourceTree = SOURCE_ROOT;
		};
/* End PBXGroup section */

/* Begin PBXNativeTarget section */
		659C848F1A8C413F003355C5 /* fmh */ = {
			isa = PBXNativeTarget;
			buildConfigurationList = 659C84B61A8C413F003355C5 /* Build configuration list for PBXNativeTarget "fmh" */;
			buildPhases = (
				659C848C1A8C413F003355C5 /* Sources */,
				659C848D1A8C413F003355C5 /* Frameworks */,
				659C848E1A8C413F003355C5 /* Resources */,
			);
			buildRules = (
			);
			dependencies = (
			);
			name = fmh;
			productName = fmh;
			productReference = 659C84901A8C413F003355C5 /* fmh.app */;
			productType = "com.apple.product-type.application";
		};
		659C84AB1A8C413F003355C5 /* fmhTests */ = {
			isa = PBXNativeTarget;
			buildConfigurationList = 659C84B91A8C413F003355C5 /* Build configuration list for PBXNativeTarget "fmhTests" */;
			buildPhases = (
				659C84A81A8C413F003355C5 /* Sources */,
				659C84A91A8C413F003355C5 /* Frameworks */,
				659C84AA1A8C413F003355C5 /* Resources */,
			);
			buildRules = (
			);
			dependencies = (
				659C84AE1A8C413F003355C5 /* PBXTargetDependency */,
			);
			name = fmhTests;
			productName = fmhTests;
			productReference = 659C84AC1A8C413F003355C5 /* fmhTests.xctest */;
			productType = "com.apple.product-type.bundle.unit-test";
		};
/* End PBXNativeTarget section */

/* Begin PBXProject section */
		659C84881A8C413F003355C5 /* Project object */ = {
			isa = PBXProject;
			attributes = {
				LastUpgradeCheck = 0610;
				ORGANIZATIONNAME = "Lauren McCarthy";
				TargetAttributes = {
					659C848F1A8C413F003355C5 = {
						CreatedOnToolsVersion = 6.1;
					};
					659C84AB1A8C413F003355C5 = {
						CreatedOnToolsVersion = 6.1;
						TestTargetID = 659C848F1A8C413F003355C5;
					};
				};
			};
			buildConfigurationList = 659C848B1A8C413F003355C5 /* Build configuration list for PBXProject "fmh" */;
			compatibilityVersion = "Xcode 3.2";
			developmentRegion = English;
			hasScannedForEncodings = 0;
			knownRegions = (
				en,
				Base,
			);
			mainGroup = 659C84871A8C413F003355C5;
			productRefGroup = 659C84911A8C413F003355C5 /* Products */;
			projectDirPath = "";
			projectRoot = "";
			targets = (
				659C848F1A8C413F003355C5 /* fmh */,
				659C84AB1A8C413F003355C5 /* fmhTests */,
			);
		};
/* End PBXProject section */

/* Begin PBXResourcesBuildPhase section */
		659C848E1A8C413F003355C5 /* Resources */ = {
			isa = PBXResourcesBuildPhase;
			buildActionMask = 2147483647;
			files = (
				659C85231A8C4CA0003355C5 /* mio-8.model in Resources */,
				659C84A21A8C413F003355C5 /* Main.storyboard in Resources */,
				65A5C9F31AA7C8AD00F3169C /* LaunchScreen.png in Resources */,
				659C84A71A8C413F003355C5 /* LaunchScreen.xib in Resources */,
				659C84A41A8C413F003355C5 /* Images.xcassets in Resources */,
				65A98A171AAC9873003212A0 /* env.txt in Resources */,
				652D7CFA1A8C6CD400BE1051 /* heart-white@2x.png in Resources */,
			);
			runOnlyForDeploymentPostprocessing = 0;
		};
		659C84AA1A8C413F003355C5 /* Resources */ = {
			isa = PBXResourcesBuildPhase;
			buildActionMask = 2147483647;
			files = (
			);
			runOnlyForDeploymentPostprocessing = 0;
		};
/* End PBXResourcesBuildPhase section */

/* Begin PBXSourcesBuildPhase section */
		659C848C1A8C413F003355C5 /* Sources */ = {
			isa = PBXSourcesBuildPhase;
			buildActionMask = 2147483647;
			files = (
				659C849C1A8C413F003355C5 /* fmh.xcdatamodeld in Sources */,
				659C84991A8C413F003355C5 /* AppDelegate.m in Sources */,
				659C849F1A8C413F003355C5 /* ViewController.m in Sources */,
				659C84961A8C413F003355C5 /* main.m in Sources */,
				659C84C51A8C434D003355C5 /* DayLog.m in Sources */,
				659C84C21A8C4178003355C5 /* HeartRateMonitor.m in Sources */,
			);
			runOnlyForDeploymentPostprocessing = 0;
		};
		659C84A81A8C413F003355C5 /* Sources */ = {
			isa = PBXSourcesBuildPhase;
			buildActionMask = 2147483647;
			files = (
				659C84B31A8C413F003355C5 /* fmhTests.m in Sources */,
			);
			runOnlyForDeploymentPostprocessing = 0;
		};
/* End PBXSourcesBuildPhase section */

/* Begin PBXTargetDependency section */
		659C84AE1A8C413F003355C5 /* PBXTargetDependency */ = {
			isa = PBXTargetDependency;
			target = 659C848F1A8C413F003355C5 /* fmh */;
			targetProxy = 659C84AD1A8C413F003355C5 /* PBXContainerItemProxy */;
		};
/* End PBXTargetDependency section */

/* Begin PBXVariantGroup section */
		659C84A01A8C413F003355C5 /* Main.storyboard */ = {
			isa = PBXVariantGroup;
			children = (
				659C84A11A8C413F003355C5 /* Base */,
			);
			name = Main.storyboard;
			sourceTree = "<group>";
		};
		659C84A51A8C413F003355C5 /* LaunchScreen.xib */ = {
			isa = PBXVariantGroup;
			children = (
				659C84A61A8C413F003355C5 /* Base */,
			);
			name = LaunchScreen.xib;
			sourceTree = "<group>";
		};
/* End PBXVariantGroup section */

/* Begin XCBuildConfiguration section */
		659C84B41A8C413F003355C5 /* Debug */ = {
			isa = XCBuildConfiguration;
			buildSettings = {
				ALWAYS_SEARCH_USER_PATHS = NO;
				CLANG_CXX_LANGUAGE_STANDARD = "gnu++0x";
				CLANG_CXX_LIBRARY = "libc++";
				CLANG_ENABLE_MODULES = YES;
				CLANG_ENABLE_OBJC_ARC = YES;
				CLANG_WARN_BOOL_CONVERSION = YES;
				CLANG_WARN_CONSTANT_CONVERSION = YES;
				CLANG_WARN_DIRECT_OBJC_ISA_USAGE = YES_ERROR;
				CLANG_WARN_EMPTY_BODY = YES;
				CLANG_WARN_ENUM_CONVERSION = YES;
				CLANG_WARN_INT_CONVERSION = YES;
				CLANG_WARN_OBJC_ROOT_CLASS = YES_ERROR;
				CLANG_WARN_UNREACHABLE_CODE = YES;
				CLANG_WARN__DUPLICATE_METHOD_MATCH = YES;
				"CODE_SIGN_IDENTITY[sdk=iphoneos*]" = "iPhone Developer";
				COPY_PHASE_STRIP = NO;
				ENABLE_STRICT_OBJC_MSGSEND = YES;
				GCC_C_LANGUAGE_STANDARD = gnu99;
				GCC_DYNAMIC_NO_PIC = NO;
				GCC_OPTIMIZATION_LEVEL = 0;
				GCC_PREPROCESSOR_DEFINITIONS = (
					"DEBUG=1",
					"$(inherited)",
				);
				GCC_SYMBOLS_PRIVATE_EXTERN = NO;
				GCC_WARN_64_TO_32_BIT_CONVERSION = YES;
				GCC_WARN_ABOUT_RETURN_TYPE = YES_ERROR;
				GCC_WARN_UNDECLARED_SELECTOR = YES;
				GCC_WARN_UNINITIALIZED_AUTOS = YES_AGGRESSIVE;
				GCC_WARN_UNUSED_FUNCTION = YES;
				GCC_WARN_UNUSED_VARIABLE = YES;
				IPHONEOS_DEPLOYMENT_TARGET = 8.1;
				MTL_ENABLE_DEBUG_INFO = YES;
				ONLY_ACTIVE_ARCH = YES;
				SDKROOT = iphoneos;
				TARGETED_DEVICE_FAMILY = "1,2";
			};
			name = Debug;
		};
		659C84B51A8C413F003355C5 /* Release */ = {
			isa = XCBuildConfiguration;
			buildSettings = {
				ALWAYS_SEARCH_USER_PATHS = NO;
				CLANG_CXX_LANGUAGE_STANDARD = "gnu++0x";
				CLANG_CXX_LIBRARY = "libc++";
				CLANG_ENABLE_MODULES = YES;
				CLANG_ENABLE_OBJC_ARC = YES;
				CLANG_WARN_BOOL_CONVERSION = YES;
				CLANG_WARN_CONSTANT_CONVERSION = YES;
				CLANG_WARN_DIRECT_OBJC_ISA_USAGE = YES_ERROR;
				CLANG_WARN_EMPTY_BODY = YES;
				CLANG_WARN_ENUM_CONVERSION = YES;
				CLANG_WARN_INT_CONVERSION = YES;
				CLANG_WARN_OBJC_ROOT_CLASS = YES_ERROR;
				CLANG_WARN_UNREACHABLE_CODE = YES;
				CLANG_WARN__DUPLICATE_METHOD_MATCH = YES;
				"CODE_SIGN_IDENTITY[sdk=iphoneos*]" = "iPhone Developer";
				COPY_PHASE_STRIP = YES;
				ENABLE_NS_ASSERTIONS = NO;
				ENABLE_STRICT_OBJC_MSGSEND = YES;
				GCC_C_LANGUAGE_STANDARD = gnu99;
				GCC_WARN_64_TO_32_BIT_CONVERSION = YES;
				GCC_WARN_ABOUT_RETURN_TYPE = YES_ERROR;
				GCC_WARN_UNDECLARED_SELECTOR = YES;
				GCC_WARN_UNINITIALIZED_AUTOS = YES_AGGRESSIVE;
				GCC_WARN_UNUSED_FUNCTION = YES;
				GCC_WARN_UNUSED_VARIABLE = YES;
				IPHONEOS_DEPLOYMENT_TARGET = 8.1;
				MTL_ENABLE_DEBUG_INFO = NO;
				SDKROOT = iphoneos;
				TARGETED_DEVICE_FAMILY = "1,2";
				VALIDATE_PRODUCT = YES;
			};
			name = Release;
		};
		659C84B71A8C413F003355C5 /* Debug */ = {
			isa = XCBuildConfiguration;
			buildSettings = {
				ASSETCATALOG_COMPILER_APPICON_NAME = AppIcon;
				CODE_SIGN_IDENTITY = "iPhone Developer";
				GCC_INPUT_FILETYPE = automatic;
				INFOPLIST_FILE = fmh/Info.plist;
				IPHONEOS_DEPLOYMENT_TARGET = 8.0;
				LD_RUNPATH_SEARCH_PATHS = "$(inherited) @executable_path/Frameworks";
				PRODUCT_NAME = "$(TARGET_NAME)";
				TARGETED_DEVICE_FAMILY = 1;
			};
			name = Debug;
		};
		659C84B81A8C413F003355C5 /* Release */ = {
			isa = XCBuildConfiguration;
			buildSettings = {
				ASSETCATALOG_COMPILER_APPICON_NAME = AppIcon;
				CODE_SIGN_IDENTITY = "iPhone Developer";
				GCC_INPUT_FILETYPE = automatic;
				INFOPLIST_FILE = fmh/Info.plist;
				IPHONEOS_DEPLOYMENT_TARGET = 8.0;
				LD_RUNPATH_SEARCH_PATHS = "$(inherited) @executable_path/Frameworks";
				PRODUCT_NAME = "$(TARGET_NAME)";
				TARGETED_DEVICE_FAMILY = 1;
			};
			name = Release;
		};
		659C84BA1A8C413F003355C5 /* Debug */ = {
			isa = XCBuildConfiguration;
			buildSettings = {
				BUNDLE_LOADER = "$(TEST_HOST)";
				FRAMEWORK_SEARCH_PATHS = (
					"$(SDKROOT)/Developer/Library/Frameworks",
					"$(inherited)",
				);
				GCC_PREPROCESSOR_DEFINITIONS = (
					"DEBUG=1",
					"$(inherited)",
				);
				INFOPLIST_FILE = fmhTests/Info.plist;
				LD_RUNPATH_SEARCH_PATHS = "$(inherited) @executable_path/Frameworks @loader_path/Frameworks";
				PRODUCT_NAME = "$(TARGET_NAME)";
				TEST_HOST = "$(BUILT_PRODUCTS_DIR)/fmh.app/fmh";
			};
			name = Debug;
		};
		659C84BB1A8C413F003355C5 /* Release */ = {
			isa = XCBuildConfiguration;
			buildSettings = {
				BUNDLE_LOADER = "$(TEST_HOST)";
				FRAMEWORK_SEARCH_PATHS = (
					"$(SDKROOT)/Developer/Library/Frameworks",
					"$(inherited)",
				);
				INFOPLIST_FILE = fmhTests/Info.plist;
				LD_RUNPATH_SEARCH_PATHS = "$(inherited) @executable_path/Frameworks @loader_path/Frameworks";
				PRODUCT_NAME = "$(TARGET_NAME)";
				TEST_HOST = "$(BUILT_PRODUCTS_DIR)/fmh.app/fmh";
			};
			name = Release;
		};
/* End XCBuildConfiguration section */

/* Begin XCConfigurationList section */
		659C848B1A8C413F003355C5 /* Build configuration list for PBXProject "fmh" */ = {
			isa = XCConfigurationList;
			buildConfigurations = (
				659C84B41A8C413F003355C5 /* Debug */,
				659C84B51A8C413F003355C5 /* Release */,
			);
			defaultConfigurationIsVisible = 0;
			defaultConfigurationName = Release;
		};
		659C84B61A8C413F003355C5 /* Build configuration list for PBXNativeTarget "fmh" */ = {
			isa = XCConfigurationList;
			buildConfigurations = (
				659C84B71A8C413F003355C5 /* Debug */,
				659C84B81A8C413F003355C5 /* Release */,
			);
			defaultConfigurationIsVisible = 0;
			defaultConfigurationName = Release;
		};
		659C84B91A8C413F003355C5 /* Build configuration list for PBXNativeTarget "fmhTests" */ = {
			isa = XCConfigurationList;
			buildConfigurations = (
				659C84BA1A8C413F003355C5 /* Debug */,
				659C84BB1A8C413F003355C5 /* Release */,
			);
			defaultConfigurationIsVisible = 0;
			defaultConfigurationName = Release;
		};
/* End XCConfigurationList section */

/* Begin XCVersionGroup section */
		659C849A1A8C413F003355C5 /* fmh.xcdatamodeld */ = {
			isa = XCVersionGroup;
			children = (
				659C849B1A8C413F003355C5 /* fmh.xcdatamodel */,
			);
			currentVersion = 659C849B1A8C413F003355C5 /* fmh.xcdatamodel */;
			path = fmh.xcdatamodeld;
			sourceTree = "<group>";
			versionGroupType = wrapper.xcdatamodel;
		};
/* End XCVersionGroup section */
	};
	rootObject = 659C84881A8C413F003355C5 /* Project object */;
}
